
Microsoft Visual Studio Solution File, Format Version 12.00
# Visual Studio Version 16
VisualStudioVersion = 16.0.29920.165
MinimumVisualStudioVersion = 10.0.40219.1
Project("{FAE04EC0-301F-11D3-BF4B-00C04F79EFBC}") = "BMI Calculator", "BMI Calculator\BMI Calculator.csproj", "{E27A66FD-B149-43F0-8BF2-3BFA98AC72A1}"
EndProject
Global
	GlobalSection(SolutionConfigurationPlatforms) = preSolution
		Debug|Any CPU = Debug|Any CPU
		Release|Any CPU = Release|Any CPU
	EndGlobalSection
	GlobalSection(ProjectConfigurationPlatforms) = postSolution
		{E27A66FD-B149-43F0-8BF2-3BFA98AC72A1}.Debug|Any CPU.ActiveCfg = Debug|Any CPU
		{E27A66FD-B149-43F0-8BF2-3BFA98AC72A1}.Debug|Any CPU.Build.0 = Debug|Any CPU
		{E27A66FD-B149-43F0-8BF2-3BFA98AC72A1}.Release|Any CPU.ActiveCfg = Release|Any CPU
		{E27A66FD-B149-43F0-8BF2-3BFA98AC72A1}.Release|Any CPU.Build.0 = Release|Any CPU
	EndGlobalSection
	GlobalSection(SolutionProperties) = preSolution
		HideSolutionNode = FALSE
	EndGlobalSection
	GlobalSection(ExtensibilityGlobals) = postSolution
		SolutionGuid = {355B5CE7-A56A-4B54-B7F7-643F670C3394}
	EndGlobalSection
EndGlobal
